
Microsoft Visual Studio Solution File, Format Version 12.00
# Visual Studio Version 17
VisualStudioVersion = 17.7.34221.43
MinimumVisualStudioVersion = 10.0.40219.1
Project("{2150E333-8FDC-42A3-9474-1A3956D46DE8}") = "Services", "Services", "{5C93416E-3ACC-4937-9E53-AE07CB7CEB6A}"
EndProject
Project("{2150E333-8FDC-42A3-9474-1A3956D46DE8}") = "Core", "Core", "{D7386379-593B-4661-9261-AA317807932C}"
EndProject
Project("{2150E333-8FDC-42A3-9474-1A3956D46DE8}") = "Catalog", "Catalog", "{D5129A70-D03F-4420-AE2B-CD4708D8A106}"
EndProject
Project("{9A19103F-16F7-4668-BE54-9A1E7A4F7556}") = "CatalogAPI", "Services\Catalog\CatalogAPI\CatalogAPI.csproj", "{74A71833-D817-4A02-AB4A-F9ED4771A09B}"
EndProject
Project("{9A19103F-16F7-4668-BE54-9A1E7A4F7556}") = "IdendityService", "..\..\..\Desktop\IdendityService\IdendityService.csproj", "{3371A53F-0118-4F9E-A90C-3C1C38FF6903}"
EndProject
Project("{FAE04EC0-301F-11D3-BF4B-00C04F79EFBC}") = "Core", "Core\Core\Core.csproj", "{E5290B86-87FF-4C7F-8AA9-77C45AEBD20B}"
EndProject
Global
	GlobalSection(SolutionConfigurationPlatforms) = preSolution
		Debug|Any CPU = Debug|Any CPU
		Release|Any CPU = Release|Any CPU
	EndGlobalSection
	GlobalSection(ProjectConfigurationPlatforms) = postSolution
		{74A71833-D817-4A02-AB4A-F9ED4771A09B}.Debug|Any CPU.ActiveCfg = Debug|Any CPU
		{74A71833-D817-4A02-AB4A-F9ED4771A09B}.Debug|Any CPU.Build.0 = Debug|Any CPU
		{74A71833-D817-4A02-AB4A-F9ED4771A09B}.Release|Any CPU.ActiveCfg = Release|Any CPU
		{74A71833-D817-4A02-AB4A-F9ED4771A09B}.Release|Any CPU.Build.0 = Release|Any CPU
		{3371A53F-0118-4F9E-A90C-3C1C38FF6903}.Debug|Any CPU.ActiveCfg = Debug|Any CPU
		{3371A53F-0118-4F9E-A90C-3C1C38FF6903}.Debug|Any CPU.Build.0 = Debug|Any CPU
		{3371A53F-0118-4F9E-A90C-3C1C38FF6903}.Release|Any CPU.ActiveCfg = Release|Any CPU
		{3371A53F-0118-4F9E-A90C-3C1C38FF6903}.Release|Any CPU.Build.0 = Release|Any CPU
		{E5290B86-87FF-4C7F-8AA9-77C45AEBD20B}.Debug|Any CPU.ActiveCfg = Debug|Any CPU
		{E5290B86-87FF-4C7F-8AA9-77C45AEBD20B}.Debug|Any CPU.Build.0 = Debug|Any CPU
		{E5290B86-87FF-4C7F-8AA9-77C45AEBD20B}.Release|Any CPU.ActiveCfg = Release|Any CPU
		{E5290B86-87FF-4C7F-8AA9-77C45AEBD20B}.Release|Any CPU.Build.0 = Release|Any CPU
	EndGlobalSection
	GlobalSection(SolutionProperties) = preSolution
		HideSolutionNode = FALSE
	EndGlobalSection
	GlobalSection(NestedProjects) = preSolution
		{D5129A70-D03F-4420-AE2B-CD4708D8A106} = {5C93416E-3ACC-4937-9E53-AE07CB7CEB6A}
		{74A71833-D817-4A02-AB4A-F9ED4771A09B} = {D5129A70-D03F-4420-AE2B-CD4708D8A106}
		{3371A53F-0118-4F9E-A90C-3C1C38FF6903} = {5C93416E-3ACC-4937-9E53-AE07CB7CEB6A}
		{E5290B86-87FF-4C7F-8AA9-77C45AEBD20B} = {D7386379-593B-4661-9261-AA317807932C}
	EndGlobalSection
	GlobalSection(ExtensibilityGlobals) = postSolution
		SolutionGuid = {77885024-10BB-4981-AE03-B222471663E0}
	EndGlobalSection
EndGlobal
