
Microsoft Visual Studio Solution File, Format Version 12.00
# Visual Studio Version 17
VisualStudioVersion = 17.7.34221.43
MinimumVisualStudioVersion = 10.0.40219.1
Project("{2150E333-8FDC-42A3-9474-1A3956D46DE8}") = "Services", "Services", "{5C93416E-3ACC-4937-9E53-AE07CB7CEB6A}"
EndProject
Project("{2150E333-8FDC-42A3-9474-1A3956D46DE8}") = "Core", "Core", "{D7386379-593B-4661-9261-AA317807932C}"
EndProject
Project("{2150E333-8FDC-42A3-9474-1A3956D46DE8}") = "Catalog", "Catalog", "{D5129A70-D03F-4420-AE2B-CD4708D8A106}"
EndProject
Project("{9A19103F-16F7-4668-BE54-9A1E7A4F7556}") = "CatalogAPI", "Services\Catalog\CatalogAPI\CatalogAPI.csproj", "{74A71833-D817-4A02-AB4A-F9ED4771A09B}"
EndProject
Project("{9A19103F-16F7-4668-BE54-9A1E7A4F7556}") = "Core", "Core\Core\Core.csproj", "{E5290B86-87FF-4C7F-8AA9-77C45AEBD20B}"
EndProject
Project("{2150E333-8FDC-42A3-9474-1A3956D46DE8}") = "Photo", "Photo", "{A1065048-541A-4162-A155-FE6C98E5772D}"
EndProject
Project("{9A19103F-16F7-4668-BE54-9A1E7A4F7556}") = "PhotoAPI", "Services\Photo\PhotoAPI\PhotoAPI.csproj", "{1D9D6405-8461-4328-899F-0482A6BCD15D}"
EndProject
Project("{2150E333-8FDC-42A3-9474-1A3956D46DE8}") = "Basket", "Basket", "{A27A2F73-810B-408A-9421-BBB16CBE90D6}"
EndProject
Project("{9A19103F-16F7-4668-BE54-9A1E7A4F7556}") = "BasketAPI", "Services\Basket\BasketAPI\BasketAPI.csproj", "{CDAD358A-7C06-4253-81A1-0E34615CB2AA}"
EndProject
Project("{2150E333-8FDC-42A3-9474-1A3956D46DE8}") = "Discount", "Discount", "{6C488741-6EE5-4449-AF10-F938A3E78E25}"
EndProject
Project("{9A19103F-16F7-4668-BE54-9A1E7A4F7556}") = "DiscountAPI", "Services\Discount\DiscountAPI\DiscountAPI.csproj", "{7E7C6A45-7F51-4863-813C-3F9A211328D7}"
EndProject
Project("{2150E333-8FDC-42A3-9474-1A3956D46DE8}") = "IdentityServer", "IdentityServer", "{7F7F5D9C-6983-48C8-A059-E8503701E121}"
EndProject
Project("{9A19103F-16F7-4668-BE54-9A1E7A4F7556}") = "IdendityService", "..\Ahmetknt\Mikroservice\IdentityServer\IdendityService\IdendityService.csproj", "{37BD5C64-353D-42CF-B677-32EABAEE1A29}"
EndProject
Project("{2150E333-8FDC-42A3-9474-1A3956D46DE8}") = "Order", "Order", "{25FBEC29-B259-4F7E-AA63-E390448CE584}"
EndProject
Project("{9A19103F-16F7-4668-BE54-9A1E7A4F7556}") = "Order.Application", "Services\Order\Order.Application\Order.Application.csproj", "{D45BE3AB-1E65-42C5-9179-8E6E62628A91}"
EndProject
Project("{9A19103F-16F7-4668-BE54-9A1E7A4F7556}") = "Order.Domain", "Services\Order\Order.Domain\Order.Domain.csproj", "{2D32C5FA-2156-48F7-913D-2B7538952E11}"
EndProject
Project("{9A19103F-16F7-4668-BE54-9A1E7A4F7556}") = "Order.Domain.Core", "Services\Order\Order.Domain.Core\Order.Domain.Core.csproj", "{94ECFE5E-09AC-4357-B7FD-0D6AAC0AD999}"
EndProject
Project("{9A19103F-16F7-4668-BE54-9A1E7A4F7556}") = "Order.Infrastructure", "Order.Infrastructure\Order.Infrastructure.csproj", "{22046B7A-D1C5-4F3F-A8E1-353789718564}"
EndProject
Project("{9A19103F-16F7-4668-BE54-9A1E7A4F7556}") = "OrderAPI", "Services\Order\OrderAPI\OrderAPI.csproj", "{C8E33ABA-2040-4709-A6D4-B6B4FE8B8AA8}"
EndProject
Project("{2150E333-8FDC-42A3-9474-1A3956D46DE8}") = "Gateway", "Gateway", "{07842F54-2364-47D6-8CC7-F9A37820536F}"
EndProject
Project("{9A19103F-16F7-4668-BE54-9A1E7A4F7556}") = "Gateway", "Gateway\Gateway.csproj", "{3284198C-4946-4167-881D-1D5C574CE330}"
EndProject
Project("{2150E333-8FDC-42A3-9474-1A3956D46DE8}") = "Payment", "Payment", "{84F9C0DD-EAFA-4DDD-9358-4266D009A54D}"
EndProject
Project("{9A19103F-16F7-4668-BE54-9A1E7A4F7556}") = "PaymentAPI", "Services\Payment\PaymentAPI\PaymentAPI.csproj", "{385613BC-59F3-4A12-AD51-4592F918E573}"
EndProject
Project("{2150E333-8FDC-42A3-9474-1A3956D46DE8}") = "Frontend", "Frontend", "{14737377-1B79-4747-BDF2-2CB26FF1573B}"
EndProject
Project("{FAE04EC0-301F-11D3-BF4B-00C04F79EFBC}") = "CampExplorer.Web", "Frontend\CampExplorer.Web\CampExplorer.Web.csproj", "{E35CD086-7248-4239-B973-D19145992055}"
EndProject
Global
	GlobalSection(SolutionConfigurationPlatforms) = preSolution
		Debug|Any CPU = Debug|Any CPU
		Release|Any CPU = Release|Any CPU
	EndGlobalSection
	GlobalSection(ProjectConfigurationPlatforms) = postSolution
		{74A71833-D817-4A02-AB4A-F9ED4771A09B}.Debug|Any CPU.ActiveCfg = Debug|Any CPU
		{74A71833-D817-4A02-AB4A-F9ED4771A09B}.Debug|Any CPU.Build.0 = Debug|Any CPU
		{74A71833-D817-4A02-AB4A-F9ED4771A09B}.Release|Any CPU.ActiveCfg = Release|Any CPU
		{74A71833-D817-4A02-AB4A-F9ED4771A09B}.Release|Any CPU.Build.0 = Release|Any CPU
		{E5290B86-87FF-4C7F-8AA9-77C45AEBD20B}.Debug|Any CPU.ActiveCfg = Debug|Any CPU
		{E5290B86-87FF-4C7F-8AA9-77C45AEBD20B}.Debug|Any CPU.Build.0 = Debug|Any CPU
		{E5290B86-87FF-4C7F-8AA9-77C45AEBD20B}.Release|Any CPU.ActiveCfg = Release|Any CPU
		{E5290B86-87FF-4C7F-8AA9-77C45AEBD20B}.Release|Any CPU.Build.0 = Release|Any CPU
		{1D9D6405-8461-4328-899F-0482A6BCD15D}.Debug|Any CPU.ActiveCfg = Debug|Any CPU
		{1D9D6405-8461-4328-899F-0482A6BCD15D}.Debug|Any CPU.Build.0 = Debug|Any CPU
		{1D9D6405-8461-4328-899F-0482A6BCD15D}.Release|Any CPU.ActiveCfg = Release|Any CPU
		{1D9D6405-8461-4328-899F-0482A6BCD15D}.Release|Any CPU.Build.0 = Release|Any CPU
		{CDAD358A-7C06-4253-81A1-0E34615CB2AA}.Debug|Any CPU.ActiveCfg = Debug|Any CPU
		{CDAD358A-7C06-4253-81A1-0E34615CB2AA}.Debug|Any CPU.Build.0 = Debug|Any CPU
		{CDAD358A-7C06-4253-81A1-0E34615CB2AA}.Release|Any CPU.ActiveCfg = Release|Any CPU
		{CDAD358A-7C06-4253-81A1-0E34615CB2AA}.Release|Any CPU.Build.0 = Release|Any CPU
		{7E7C6A45-7F51-4863-813C-3F9A211328D7}.Debug|Any CPU.ActiveCfg = Debug|Any CPU
		{7E7C6A45-7F51-4863-813C-3F9A211328D7}.Debug|Any CPU.Build.0 = Debug|Any CPU
		{7E7C6A45-7F51-4863-813C-3F9A211328D7}.Release|Any CPU.ActiveCfg = Release|Any CPU
		{7E7C6A45-7F51-4863-813C-3F9A211328D7}.Release|Any CPU.Build.0 = Release|Any CPU
		{37BD5C64-353D-42CF-B677-32EABAEE1A29}.Debug|Any CPU.ActiveCfg = Debug|Any CPU
		{37BD5C64-353D-42CF-B677-32EABAEE1A29}.Debug|Any CPU.Build.0 = Debug|Any CPU
		{37BD5C64-353D-42CF-B677-32EABAEE1A29}.Release|Any CPU.ActiveCfg = Release|Any CPU
		{37BD5C64-353D-42CF-B677-32EABAEE1A29}.Release|Any CPU.Build.0 = Release|Any CPU
		{D45BE3AB-1E65-42C5-9179-8E6E62628A91}.Debug|Any CPU.ActiveCfg = Debug|Any CPU
		{D45BE3AB-1E65-42C5-9179-8E6E62628A91}.Debug|Any CPU.Build.0 = Debug|Any CPU
		{D45BE3AB-1E65-42C5-9179-8E6E62628A91}.Release|Any CPU.ActiveCfg = Release|Any CPU
		{D45BE3AB-1E65-42C5-9179-8E6E62628A91}.Release|Any CPU.Build.0 = Release|Any CPU
		{2D32C5FA-2156-48F7-913D-2B7538952E11}.Debug|Any CPU.ActiveCfg = Debug|Any CPU
		{2D32C5FA-2156-48F7-913D-2B7538952E11}.Debug|Any CPU.Build.0 = Debug|Any CPU
		{2D32C5FA-2156-48F7-913D-2B7538952E11}.Release|Any CPU.ActiveCfg = Release|Any CPU
		{2D32C5FA-2156-48F7-913D-2B7538952E11}.Release|Any CPU.Build.0 = Release|Any CPU
		{94ECFE5E-09AC-4357-B7FD-0D6AAC0AD999}.Debug|Any CPU.ActiveCfg = Debug|Any CPU
		{94ECFE5E-09AC-4357-B7FD-0D6AAC0AD999}.Debug|Any CPU.Build.0 = Debug|Any CPU
		{94ECFE5E-09AC-4357-B7FD-0D6AAC0AD999}.Release|Any CPU.ActiveCfg = Release|Any CPU
		{94ECFE5E-09AC-4357-B7FD-0D6AAC0AD999}.Release|Any CPU.Build.0 = Release|Any CPU
		{22046B7A-D1C5-4F3F-A8E1-353789718564}.Debug|Any CPU.ActiveCfg = Debug|Any CPU
		{22046B7A-D1C5-4F3F-A8E1-353789718564}.Debug|Any CPU.Build.0 = Debug|Any CPU
		{22046B7A-D1C5-4F3F-A8E1-353789718564}.Release|Any CPU.ActiveCfg = Release|Any CPU
		{22046B7A-D1C5-4F3F-A8E1-353789718564}.Release|Any CPU.Build.0 = Release|Any CPU
		{C8E33ABA-2040-4709-A6D4-B6B4FE8B8AA8}.Debug|Any CPU.ActiveCfg = Debug|Any CPU
		{C8E33ABA-2040-4709-A6D4-B6B4FE8B8AA8}.Debug|Any CPU.Build.0 = Debug|Any CPU
		{C8E33ABA-2040-4709-A6D4-B6B4FE8B8AA8}.Release|Any CPU.ActiveCfg = Release|Any CPU
		{C8E33ABA-2040-4709-A6D4-B6B4FE8B8AA8}.Release|Any CPU.Build.0 = Release|Any CPU
		{3284198C-4946-4167-881D-1D5C574CE330}.Debug|Any CPU.ActiveCfg = Debug|Any CPU
		{3284198C-4946-4167-881D-1D5C574CE330}.Debug|Any CPU.Build.0 = Debug|Any CPU
		{3284198C-4946-4167-881D-1D5C574CE330}.Release|Any CPU.ActiveCfg = Release|Any CPU
		{3284198C-4946-4167-881D-1D5C574CE330}.Release|Any CPU.Build.0 = Release|Any CPU
		{385613BC-59F3-4A12-AD51-4592F918E573}.Debug|Any CPU.ActiveCfg = Debug|Any CPU
		{385613BC-59F3-4A12-AD51-4592F918E573}.Debug|Any CPU.Build.0 = Debug|Any CPU
		{385613BC-59F3-4A12-AD51-4592F918E573}.Release|Any CPU.ActiveCfg = Release|Any CPU
		{385613BC-59F3-4A12-AD51-4592F918E573}.Release|Any CPU.Build.0 = Release|Any CPU
		{E35CD086-7248-4239-B973-D19145992055}.Debug|Any CPU.ActiveCfg = Debug|Any CPU
		{E35CD086-7248-4239-B973-D19145992055}.Debug|Any CPU.Build.0 = Debug|Any CPU
		{E35CD086-7248-4239-B973-D19145992055}.Release|Any CPU.ActiveCfg = Release|Any CPU
		{E35CD086-7248-4239-B973-D19145992055}.Release|Any CPU.Build.0 = Release|Any CPU
	EndGlobalSection
	GlobalSection(SolutionProperties) = preSolution
		HideSolutionNode = FALSE
	EndGlobalSection
	GlobalSection(NestedProjects) = preSolution
		{D5129A70-D03F-4420-AE2B-CD4708D8A106} = {5C93416E-3ACC-4937-9E53-AE07CB7CEB6A}
		{74A71833-D817-4A02-AB4A-F9ED4771A09B} = {D5129A70-D03F-4420-AE2B-CD4708D8A106}
		{E5290B86-87FF-4C7F-8AA9-77C45AEBD20B} = {D7386379-593B-4661-9261-AA317807932C}
		{A1065048-541A-4162-A155-FE6C98E5772D} = {5C93416E-3ACC-4937-9E53-AE07CB7CEB6A}
		{1D9D6405-8461-4328-899F-0482A6BCD15D} = {A1065048-541A-4162-A155-FE6C98E5772D}
		{A27A2F73-810B-408A-9421-BBB16CBE90D6} = {5C93416E-3ACC-4937-9E53-AE07CB7CEB6A}
		{CDAD358A-7C06-4253-81A1-0E34615CB2AA} = {A27A2F73-810B-408A-9421-BBB16CBE90D6}
		{6C488741-6EE5-4449-AF10-F938A3E78E25} = {5C93416E-3ACC-4937-9E53-AE07CB7CEB6A}
		{7E7C6A45-7F51-4863-813C-3F9A211328D7} = {6C488741-6EE5-4449-AF10-F938A3E78E25}
		{7F7F5D9C-6983-48C8-A059-E8503701E121} = {5C93416E-3ACC-4937-9E53-AE07CB7CEB6A}
		{37BD5C64-353D-42CF-B677-32EABAEE1A29} = {7F7F5D9C-6983-48C8-A059-E8503701E121}
		{25FBEC29-B259-4F7E-AA63-E390448CE584} = {5C93416E-3ACC-4937-9E53-AE07CB7CEB6A}
		{D45BE3AB-1E65-42C5-9179-8E6E62628A91} = {25FBEC29-B259-4F7E-AA63-E390448CE584}
		{2D32C5FA-2156-48F7-913D-2B7538952E11} = {25FBEC29-B259-4F7E-AA63-E390448CE584}
		{94ECFE5E-09AC-4357-B7FD-0D6AAC0AD999} = {25FBEC29-B259-4F7E-AA63-E390448CE584}
		{22046B7A-D1C5-4F3F-A8E1-353789718564} = {25FBEC29-B259-4F7E-AA63-E390448CE584}
		{C8E33ABA-2040-4709-A6D4-B6B4FE8B8AA8} = {25FBEC29-B259-4F7E-AA63-E390448CE584}
		{3284198C-4946-4167-881D-1D5C574CE330} = {07842F54-2364-47D6-8CC7-F9A37820536F}
		{84F9C0DD-EAFA-4DDD-9358-4266D009A54D} = {5C93416E-3ACC-4937-9E53-AE07CB7CEB6A}
		{385613BC-59F3-4A12-AD51-4592F918E573} = {84F9C0DD-EAFA-4DDD-9358-4266D009A54D}
		{E35CD086-7248-4239-B973-D19145992055} = {14737377-1B79-4747-BDF2-2CB26FF1573B}
	EndGlobalSection
	GlobalSection(ExtensibilityGlobals) = postSolution
		SolutionGuid = {77885024-10BB-4981-AE03-B222471663E0}
	EndGlobalSection
EndGlobal
